Microsoft Visual Studio Solution File, Format Version 12.00
# Visual Studio 2012
Project("{FAE04EC0-301F-11D3-BF4B-00C04F79EFBC}") = "cliente", "cliente.csproj", "{EDBE26CB-1209-452F-867D-6B9EFA7AB5EC}"
EndProject
Global
	GlobalSection(SolutionConfigurationPlatforms) = preSolution
	Debug|Any CPU = Debug|Any CPU
	ExportDebug|Any CPU = ExportDebug|Any CPU
	ExportRelease|Any CPU = ExportRelease|Any CPU
	EndGlobalSection
	GlobalSection(ProjectConfigurationPlatforms) = postSolution
		{EDBE26CB-1209-452F-867D-6B9EFA7AB5EC}.Debug|Any CPU.ActiveCfg = Debug|Any CPU
		{EDBE26CB-1209-452F-867D-6B9EFA7AB5EC}.Debug|Any CPU.Build.0 = Debug|Any CPU
		{EDBE26CB-1209-452F-867D-6B9EFA7AB5EC}.ExportDebug|Any CPU.ActiveCfg = ExportDebug|Any CPU
		{EDBE26CB-1209-452F-867D-6B9EFA7AB5EC}.ExportDebug|Any CPU.Build.0 = ExportDebug|Any CPU
		{EDBE26CB-1209-452F-867D-6B9EFA7AB5EC}.ExportRelease|Any CPU.ActiveCfg = ExportRelease|Any CPU
		{EDBE26CB-1209-452F-867D-6B9EFA7AB5EC}.ExportRelease|Any CPU.Build.0 = ExportRelease|Any CPU
	EndGlobalSection
EndGlobal
